
Microsoft Visual Studio Solution File, Format Version 12.00
# Visual Studio Version 17
VisualStudioVersion = 17.3.32901.215
MinimumVisualStudioVersion = 10.0.40219.1
Project("{9A19103F-16F7-4668-BE54-9A1E7A4F7556}") = "yad_vashem_server", "yad_vashem_server\yad_vashem_server.csproj", "{FA176A5C-5FCE-47EF-A606-F084F3201B9A}"
EndProject
Global
	GlobalSection(SolutionConfigurationPlatforms) = preSolution
		Debug|Any CPU = Debug|Any CPU
		Release|Any CPU = Release|Any CPU
	EndGlobalSection
	GlobalSection(ProjectConfigurationPlatforms) = postSolution
		{FA176A5C-5FCE-47EF-A606-F084F3201B9A}.Debug|Any CPU.ActiveCfg = Debug|Any CPU
		{FA176A5C-5FCE-47EF-A606-F084F3201B9A}.Debug|Any CPU.Build.0 = Debug|Any CPU
		{FA176A5C-5FCE-47EF-A606-F084F3201B9A}.Release|Any CPU.ActiveCfg = Release|Any CPU
		{FA176A5C-5FCE-47EF-A606-F084F3201B9A}.Release|Any CPU.Build.0 = Release|Any CPU
	EndGlobalSection
	GlobalSection(SolutionProperties) = preSolution
		HideSolutionNode = FALSE
	EndGlobalSection
	GlobalSection(ExtensibilityGlobals) = postSolution
		SolutionGuid = {C2A02FEA-2C6C-43D8-B2BF-CA4A6E78867D}
	EndGlobalSection
EndGlobal
